
Microsoft Visual Studio Solution File, Format Version 12.00
# Visual Studio Version 17
VisualStudioVersion = 17.10.34928.147
MinimumVisualStudioVersion = 10.0.40219.1
Project("{9A19103F-16F7-4668-BE54-9A1E7A4F7556}") = "ToDoApp.API", "ToDoApp.API\ToDoApp.API.csproj", "{FA4A5932-1B5D-4E19-BC58-0CC7BF8D4CF4}"
	ProjectSection(ProjectDependencies) = postProject
		{59248204-EEB6-4A83-9A6E-3079CCA29052} = {59248204-EEB6-4A83-9A6E-3079CCA29052}
		{AE7EAE83-255F-4871-A276-F50F7575B199} = {AE7EAE83-255F-4871-A276-F50F7575B199}
	EndProjectSection
EndProject
Project("{9A19103F-16F7-4668-BE54-9A1E7A4F7556}") = "TodoApp.Entities", "TodoApp.Entities\TodoApp.Entities.csproj", "{AE7EAE83-255F-4871-A276-F50F7575B199}"
EndProject
Project("{9A19103F-16F7-4668-BE54-9A1E7A4F7556}") = "TodoApp.Repository", "TodoApp.Repository\TodoApp.Repository.csproj", "{59248204-EEB6-4A83-9A6E-3079CCA29052}"
	ProjectSection(ProjectDependencies) = postProject
		{AE7EAE83-255F-4871-A276-F50F7575B199} = {AE7EAE83-255F-4871-A276-F50F7575B199}
	EndProjectSection
EndProject
Global
	GlobalSection(SolutionConfigurationPlatforms) = preSolution
		Debug|Any CPU = Debug|Any CPU
		Release|Any CPU = Release|Any CPU
	EndGlobalSection
	GlobalSection(ProjectConfigurationPlatforms) = postSolution
		{FA4A5932-1B5D-4E19-BC58-0CC7BF8D4CF4}.Debug|Any CPU.ActiveCfg = Debug|Any CPU
		{FA4A5932-1B5D-4E19-BC58-0CC7BF8D4CF4}.Debug|Any CPU.Build.0 = Debug|Any CPU
		{FA4A5932-1B5D-4E19-BC58-0CC7BF8D4CF4}.Release|Any CPU.ActiveCfg = Release|Any CPU
		{FA4A5932-1B5D-4E19-BC58-0CC7BF8D4CF4}.Release|Any CPU.Build.0 = Release|Any CPU
		{AE7EAE83-255F-4871-A276-F50F7575B199}.Debug|Any CPU.ActiveCfg = Debug|Any CPU
		{AE7EAE83-255F-4871-A276-F50F7575B199}.Debug|Any CPU.Build.0 = Debug|Any CPU
		{AE7EAE83-255F-4871-A276-F50F7575B199}.Release|Any CPU.ActiveCfg = Release|Any CPU
		{AE7EAE83-255F-4871-A276-F50F7575B199}.Release|Any CPU.Build.0 = Release|Any CPU
		{59248204-EEB6-4A83-9A6E-3079CCA29052}.Debug|Any CPU.ActiveCfg = Debug|Any CPU
		{59248204-EEB6-4A83-9A6E-3079CCA29052}.Debug|Any CPU.Build.0 = Debug|Any CPU
		{59248204-EEB6-4A83-9A6E-3079CCA29052}.Release|Any CPU.ActiveCfg = Release|Any CPU
		{59248204-EEB6-4A83-9A6E-3079CCA29052}.Release|Any CPU.Build.0 = Release|Any CPU
	EndGlobalSection
	GlobalSection(SolutionProperties) = preSolution
		HideSolutionNode = FALSE
	EndGlobalSection
	GlobalSection(ExtensibilityGlobals) = postSolution
		SolutionGuid = {CFBDC717-6650-46D1-86FA-7DAF87D510D9}
	EndGlobalSection
EndGlobal
